
Microsoft Visual Studio Solution File, Format Version 12.00
# Visual Studio Version 16
VisualStudioVersion = 25.0.1703.6
MinimumVisualStudioVersion = 10.0.40219.1
Project("{FAE04EC0-301F-11D3-BF4B-00C04F79EFBC}") = "GoogleCaptcha.Android", "GoogleCaptcha\GoogleCaptcha.Android\GoogleCaptcha.Android.csproj", "{83986377-5B88-41AF-9279-22B31854CF98}"
EndProject
Project("{FAE04EC0-301F-11D3-BF4B-00C04F79EFBC}") = "GoogleCaptcha.iOS", "GoogleCaptcha\GoogleCaptcha.iOS\GoogleCaptcha.iOS.csproj", "{63C1AD3D-0156-443D-8EAD-8BFE77610D5C}"
EndProject
Project("{FAE04EC0-301F-11D3-BF4B-00C04F79EFBC}") = "GoogleCaptcha", "GoogleCaptcha\GoogleCaptcha\GoogleCaptcha.csproj", "{7F8A501D-809C-4638-9FB1-D5CCF5C5DA75}"
EndProject
Global
	GlobalSection(SolutionConfigurationPlatforms) = preSolution
		Debug|Any CPU = Debug|Any CPU
		Release|Any CPU = Release|Any CPU
		Debug|iPhoneSimulator = Debug|iPhoneSimulator
		Release|iPhoneSimulator = Release|iPhoneSimulator
		Debug|iPhone = Debug|iPhone
		Release|iPhone = Release|iPhone
	EndGlobalSection
	GlobalSection(ProjectConfigurationPlatforms) = postSolution
		{83986377-5B88-41AF-9279-22B31854CF98}.Debug|Any CPU.ActiveCfg = Debug|Any CPU
		{83986377-5B88-41AF-9279-22B31854CF98}.Debug|Any CPU.Build.0 = Debug|Any CPU
		{83986377-5B88-41AF-9279-22B31854CF98}.Release|Any CPU.ActiveCfg = Release|Any CPU
		{83986377-5B88-41AF-9279-22B31854CF98}.Release|Any CPU.Build.0 = Release|Any CPU
		{83986377-5B88-41AF-9279-22B31854CF98}.Debug|iPhoneSimulator.ActiveCfg = Debug|Any CPU
		{83986377-5B88-41AF-9279-22B31854CF98}.Debug|iPhoneSimulator.Build.0 = Debug|Any CPU
		{83986377-5B88-41AF-9279-22B31854CF98}.Release|iPhoneSimulator.ActiveCfg = Release|Any CPU
		{83986377-5B88-41AF-9279-22B31854CF98}.Release|iPhoneSimulator.Build.0 = Release|Any CPU
		{83986377-5B88-41AF-9279-22B31854CF98}.Debug|iPhone.ActiveCfg = Debug|Any CPU
		{83986377-5B88-41AF-9279-22B31854CF98}.Debug|iPhone.Build.0 = Debug|Any CPU
		{83986377-5B88-41AF-9279-22B31854CF98}.Release|iPhone.ActiveCfg = Release|Any CPU
		{83986377-5B88-41AF-9279-22B31854CF98}.Release|iPhone.Build.0 = Release|Any CPU
		{63C1AD3D-0156-443D-8EAD-8BFE77610D5C}.Debug|Any CPU.ActiveCfg = Debug|iPhoneSimulator
		{63C1AD3D-0156-443D-8EAD-8BFE77610D5C}.Debug|Any CPU.Build.0 = Debug|iPhoneSimulator
		{63C1AD3D-0156-443D-8EAD-8BFE77610D5C}.Release|Any CPU.ActiveCfg = Release|iPhoneSimulator
		{63C1AD3D-0156-443D-8EAD-8BFE77610D5C}.Release|Any CPU.Build.0 = Release|iPhoneSimulator
		{63C1AD3D-0156-443D-8EAD-8BFE77610D5C}.Debug|iPhoneSimulator.ActiveCfg = Debug|iPhoneSimulator
		{63C1AD3D-0156-443D-8EAD-8BFE77610D5C}.Debug|iPhoneSimulator.Build.0 = Debug|iPhoneSimulator
		{63C1AD3D-0156-443D-8EAD-8BFE77610D5C}.Release|iPhoneSimulator.ActiveCfg = Release|iPhoneSimulator
		{63C1AD3D-0156-443D-8EAD-8BFE77610D5C}.Release|iPhoneSimulator.Build.0 = Release|iPhoneSimulator
		{63C1AD3D-0156-443D-8EAD-8BFE77610D5C}.Debug|iPhone.ActiveCfg = Debug|iPhone
		{63C1AD3D-0156-443D-8EAD-8BFE77610D5C}.Debug|iPhone.Build.0 = Debug|iPhone
		{63C1AD3D-0156-443D-8EAD-8BFE77610D5C}.Release|iPhone.ActiveCfg = Release|iPhone
		{63C1AD3D-0156-443D-8EAD-8BFE77610D5C}.Release|iPhone.Build.0 = Release|iPhone
		{7F8A501D-809C-4638-9FB1-D5CCF5C5DA75}.Debug|Any CPU.ActiveCfg = Debug|Any CPU
		{7F8A501D-809C-4638-9FB1-D5CCF5C5DA75}.Debug|Any CPU.Build.0 = Debug|Any CPU
		{7F8A501D-809C-4638-9FB1-D5CCF5C5DA75}.Release|Any CPU.ActiveCfg = Release|Any CPU
		{7F8A501D-809C-4638-9FB1-D5CCF5C5DA75}.Release|Any CPU.Build.0 = Release|Any CPU
		{7F8A501D-809C-4638-9FB1-D5CCF5C5DA75}.Debug|iPhoneSimulator.ActiveCfg = Debug|Any CPU
		{7F8A501D-809C-4638-9FB1-D5CCF5C5DA75}.Debug|iPhoneSimulator.Build.0 = Debug|Any CPU
		{7F8A501D-809C-4638-9FB1-D5CCF5C5DA75}.Release|iPhoneSimulator.ActiveCfg = Release|Any CPU
		{7F8A501D-809C-4638-9FB1-D5CCF5C5DA75}.Release|iPhoneSimulator.Build.0 = Release|Any CPU
		{7F8A501D-809C-4638-9FB1-D5CCF5C5DA75}.Debug|iPhone.ActiveCfg = Debug|Any CPU
		{7F8A501D-809C-4638-9FB1-D5CCF5C5DA75}.Debug|iPhone.Build.0 = Debug|Any CPU
		{7F8A501D-809C-4638-9FB1-D5CCF5C5DA75}.Release|iPhone.ActiveCfg = Release|Any CPU
		{7F8A501D-809C-4638-9FB1-D5CCF5C5DA75}.Release|iPhone.Build.0 = Release|Any CPU
	EndGlobalSection
	GlobalSection(SolutionProperties) = preSolution
		HideSolutionNode = FALSE
	EndGlobalSection
	GlobalSection(ExtensibilityGlobals) = postSolution
		SolutionGuid = {0E12C74E-0A89-44B3-B7CC-8865AAA004F2}
	EndGlobalSection
EndGlobal
